{
  "name": "the-truthz",
  "version": "1.0.0",
  "lockfileVersion": 3,
  "requires": true,
  "packages": {
    "": {
      "name": "the-truthz",
      "version": "1.0.0",
      "private": true,
      "dependencies": {
        "@supabase/supabase-js": "^2.45.0",
        "node-fetch": "^3.3.2",
        "next": "14.2.5",
        "react": "18.3.1",
        "react-dom": "18.3.1",
        "framer-motion": "^11.0.0",
        "react-icons": "^5.2.1",
        "react-markdown": "^9.0.0",
        "remark-gfm": "^4.0.0"
      },
      "devDependencies": {
        "typescript": "^5.3.3",
        "@types/react": "^18.2.46",
        "@types/react-dom": "^18.2.18",
        "eslint": "^8.56.0",
        "eslint-config-next": "14.2.5"
      }
    }
  },
  "dependencies": {
    "@supabase/supabase-js": {
      "version": "2.45.0",
      "resolved": "https://registry.npmjs.org/@supabase/supabase-js/-/supabase-js-2.45.0.tgz",
      "integrity": "sha512-/7i0Z2srZtmuC4kQREzUO+N9wYZL3OjU7fxCe7h2Ld21H0F3n1fQehs5YCVF2tmKp8xk6HuGfBeRUW86M9kHkQ=="
    },
    "node-fetch": {
      "version": "3.3.2",
      "resolved": "https://registry.npmjs.org/node-fetch/-/node-fetch-3.3.2.tgz",
      "integrity": "sha512-Nh/oWfGzjzFq4YHwBB6E7sM8Wv3fgGdK60A1E2ZzZyZ7Z4nZqYb02+P3X7gWjRgcVbKHjOXxk0GdGx8noU2FZg=="
    },
    "next": {
      "version": "14.2.5",
      "resolved": "https://registry.npmjs.org/next/-/next-14.2.5.tgz",
      "integrity": "sha512-rGywZ9FiN1dfpGQO0L8cxRkAnRZfTVy3s+pn9f6zVGJeGuD4r2Zyibwn+Ov3tsTx8e9rMdb0jBe6vKTpCa8IMw=="
    },
    "react": {
      "version": "18.3.1",
      "resolved": "https://registry.npmjs.org/react/-/react-18.3.1.tgz",
      "integrity": "sha512-x+VLHlgMgn2oCcbkZy3zM8vQnYy7+qQFyo2vOyzxkWq1vwO+/cK3XQhS3pV0xHAG6oyh8t4BGhE26Gjsm6nhHg=="
    },
    "react-dom": {
      "version": "18.3.1",
      "resolved": "https://registry.npmjs.org/react-dom/-/react-dom-18.3.1.tgz",
      "integrity": "sha512-4TjhufgGQ1O2W5zPy1X8Y+K1mOumWsdKBTf7VJZ9Z1C8Lz9Gav8hzvVIt5M9a2xXZeznqZJvUeWQ4ZkzZMxgVw=="
    },
    "framer-motion": {
      "version": "11.0.0",
      "resolved": "https://registry.npmjs.org/framer-motion/-/framer-motion-11.0.0.tgz",
      "integrity": "sha512-vONP6OQ2Jk1qWm4ARdY0LgU1dka38RCh1ERKdt+VQdHhZpt9Z8pX1ZDUZcx6g4ZyqVqYFnr0hG4ZkwyClpMeGg=="
    },
    "react-icons": {
      "version": "5.2.1",
      "resolved": "https://registry.npmjs.org/react-icons/-/react-icons-5.2.1.tgz",
      "integrity": "sha512-m1cU53YbW5TZKQF3blUV+Kq4gcGv2r7DWMB0W7Jm3ToqAKRO24C0S7EWhFltgqVyBPsU5WZVqYqqS+8sz83CQA=="
    },
    "react-markdown": {
      "version": "9.0.0",
      "resolved": "https://registry.npmjs.org/react-markdown/-/react-markdown-9.0.0.tgz",
      "integrity": "sha512-SvN0J0Y4kYoXv0fw19dYwlSvLGjs17uFvRjMu5gYeMJHgJlKrVL1cZpsl7C4Irzv0udHY1xRMhXKBPpK1eW9JQ=="
    },
    "remark-gfm": {
      "version": "4.0.0",
      "resolved": "https://registry.npmjs.org/remark-gfm/-/remark-gfm-4.0.0.tgz",
      "integrity": "sha512-BPMuohgDgG1eYh0dTV3Aiv7mK1yfdOr+Lfsvt7fUDX8rB+lduJzEBaSM9vQYHd+bmDumJyt53AKMIzXqCReeDw=="
    },
    "typescript": {
      "version": "5.3.3",
      "resolved": "https://registry.npmjs.org/typescript/-/typescript-5.3.3.tgz",
      "integrity": "sha512-3pPR5pVjKZwCezbS1f9Ch5bq+FQEGNaTbdhLwA3RbG8+S+8VwHcMBrbz3oV7YIgjvTzJKWgLvvk0zWX+xOTN2Q=="
    },
    "@types/react": {
      "version": "18.2.46",
      "resolved": "https://registry.npmjs.org/@types/react/-/react-18.2.46.tgz",
      "integrity": "sha512-FPspbLxwE/VUT7A4bzvLptq8JQzQqg1TmfYZSvXodxwQGqPk5hBjrKRe2y4fShQwR0PHzObDpPfce/S4ZyfF2w=="
    },
    "@types/react-dom": {
      "version": "18.2.18",
      "resolved": "https://registry.npmjs.org/@types/react-dom/-/react-dom-18.2.18.tgz",
      "integrity": "sha512-MnUl4Z1lB5FBDdG5PlkGHM5A4+kM3L1rP++86qHu+brcC+EqWwH7wZRdQOny1rPjY6gpgz6OKb2RbnJz1rJtNQ=="
    },
    "eslint": {
      "version": "8.56.0",
      "resolved": "https://registry.npmjs.org/eslint/-/eslint-8.56.0.tgz",
      "integrity": "sha512-G7hXx9f1oAhzQx1bZAm5MTHXez8pbCDBh9KDLxHgOQZsuzJMP3EgbX9XzEj0rULZJxYb/ZnPU2TPV8F3Up1itg=="
    },
    "eslint-config-next": {
      "version": "14.2.5",
      "resolved": "https://registry.npmjs.org/eslint-config-next/-/eslint-config-next-14.2.5.tgz",
      "integrity": "sha512-kgaJ1OK5+KW5PHDybM6I2sBaMSp7pKbiO/2uQ4I0xS0zbfvylCz0LqGLAByzzAW9RjVvM8O1npA4eI5R0M4h4A=="
    }
  }
}
